{
  "pins" : [
    {
      "identity" : "gifimage",
      "kind" : "remoteSourceControl",
      "location" : "https://github.com/igorcferreira/GIFImage",
      "state" : {
        "revision" : "1b3bb8976ddcd8f5c7a5565f29110a4d2db34c7f",
        "version" : "1.0.0"
      }
    }
  ],
  "version" : 2
}
